// !$*UTF8*$!
{
	archiveVersion = 1;
	classes = {
	};
	objectVersion = 51;
	objects = {

/* Begin PBXBuildFile section */
		216C7B38513C5951332237E5 /* Pods_Movies_MoviesUITests.framework in Frameworks */ = {isa = PBXBuildFile; fileRef = 27EF74A015C053A2B8331274 /* Pods_Movies_MoviesUITests.framework */; };
		22E2F6C86B3394F249BDA7D3 /* Pods_MoviesTests.framework in Frameworks */ = {isa = PBXBuildFile; fileRef = 3FF2B210790A41D261BDD150 /* Pods_MoviesTests.framework */; };
		23E73C242668C7010059932B /* LaunchScreen.storyboard in Resources */ = {isa = PBXBuildFile; fileRef = 23E73C222668C7010059932B /* LaunchScreen.storyboard */; };
		23E73C2F2668C7010059932B /* MoviesTests.swift in Sources */ = {isa = PBXBuildFile; fileRef = 23E73C2E2668C7010059932B /* MoviesTests.swift */; };
		23E73C3A2668C7010059932B /* MoviesUITests.swift in Sources */ = {isa = PBXBuildFile; fileRef = 23E73C392668C7010059932B /* MoviesUITests.swift */; };
		23E73C532668C7E00059932B /* Assets.xcassets in Resources */ = {isa = PBXBuildFile; fileRef = 23E73C4E2668C7E00059932B /* Assets.xcassets */; };
		23E73C552668C7E00059932B /* AppDelegate.swift in Sources */ = {isa = PBXBuildFile; fileRef = 23E73C512668C7E00059932B /* AppDelegate.swift */; };
		23E73C562668C7E00059932B /* SceneDelegate.swift in Sources */ = {isa = PBXBuildFile; fileRef = 23E73C522668C7E00059932B /* SceneDelegate.swift */; };
		23E73C6A2668C8E30059932B /* Constants.swift in Sources */ = {isa = PBXBuildFile; fileRef = 23E73C692668C8E30059932B /* Constants.swift */; };
		23E73C782668CA410059932B /* SearchMoviesViewController.swift in Sources */ = {isa = PBXBuildFile; fileRef = 23E73C762668CA410059932B /* SearchMoviesViewController.swift */; };
		23E73C792668CA410059932B /* SearchMoviesViewController.xib in Resources */ = {isa = PBXBuildFile; fileRef = 23E73C772668CA410059932B /* SearchMoviesViewController.xib */; };
		23E73C7E2668CA510059932B /* SearchMoviesViewModel.swift in Sources */ = {isa = PBXBuildFile; fileRef = 23E73C7D2668CA510059932B /* SearchMoviesViewModel.swift */; };
		23E73C832668CABE0059932B /* UIViewControllerExtension.swift in Sources */ = {isa = PBXBuildFile; fileRef = 23E73C822668CABE0059932B /* UIViewControllerExtension.swift */; };
		23E73CBB2669C6A20059932B /* UIColorExtension.swift in Sources */ = {isa = PBXBuildFile; fileRef = 23E73CBA2669C6A20059932B /* UIColorExtension.swift */; };
		23E73CC02669C7220059932B /* APIConfiguration.swift in Sources */ = {isa = PBXBuildFile; fileRef = 23E73CBF2669C7220059932B /* APIConfiguration.swift */; };
		23E73CC52669CB2C0059932B /* APIProvider.swift in Sources */ = {isa = PBXBuildFile; fileRef = 23E73CC42669CB2C0059932B /* APIProvider.swift */; };
		23E73D25266A12D80059932B /* SearchProvider.swift in Sources */ = {isa = PBXBuildFile; fileRef = 23E73D24266A12D80059932B /* SearchProvider.swift */; };
		23E73D2A266A14230059932B /* SearchResultModel.swift in Sources */ = {isa = PBXBuildFile; fileRef = 23E73D29266A14230059932B /* SearchResultModel.swift */; };
		23E73E07266A78CD0059932B /* UIViewExtension.swift in Sources */ = {isa = PBXBuildFile; fileRef = 23E73E06266A78CD0059932B /* UIViewExtension.swift */; };
		23E73E0C266A78F90059932B /* CALayerExtension.swift in Sources */ = {isa = PBXBuildFile; fileRef = 23E73E0B266A78F90059932B /* CALayerExtension.swift */; };
		23E73E15266A7A1F0059932B /* MovieTableViewCell.swift in Sources */ = {isa = PBXBuildFile; fileRef = 23E73E13266A7A1F0059932B /* MovieTableViewCell.swift */; };
		23E73E16266A7A1F0059932B /* MovieTableViewCell.xib in Resources */ = {isa = PBXBuildFile; fileRef = 23E73E14266A7A1F0059932B /* MovieTableViewCell.xib */; };
		23E73E1F266A809D0059932B /* EmptyTableViewCell.swift in Sources */ = {isa = PBXBuildFile; fileRef = 23E73E1D266A809D0059932B /* EmptyTableViewCell.swift */; };
		23E73E20266A809D0059932B /* EmptyTableViewCell.xib in Resources */ = {isa = PBXBuildFile; fileRef = 23E73E1E266A809D0059932B /* EmptyTableViewCell.xib */; };
		23E73E26266A80B20059932B /* LoadingTableViewCell.swift in Sources */ = {isa = PBXBuildFile; fileRef = 23E73E24266A80B20059932B /* LoadingTableViewCell.swift */; };
		23E73E27266A80B20059932B /* LoadingTableViewCell.xib in Resources */ = {isa = PBXBuildFile; fileRef = 23E73E25266A80B20059932B /* LoadingTableViewCell.xib */; };
		23E73E2C266A81410059932B /* UIImageViewExtension.swift in Sources */ = {isa = PBXBuildFile; fileRef = 23E73E2B266A81410059932B /* UIImageViewExtension.swift */; };
		23E73E36266A83410059932B /* UIButtonExtension.swift in Sources */ = {isa = PBXBuildFile; fileRef = 23E73E35266A83410059932B /* UIButtonExtension.swift */; };
		23E73E3B266A8A910059932B /* ArrayExtension.swift in Sources */ = {isa = PBXBuildFile; fileRef = 23E73E3A266A8A910059932B /* ArrayExtension.swift */; };
		D79DDD9D83CFA1A2DBB0A903 /* Pods_Movies.framework in Frameworks */ = {isa = PBXBuildFile; fileRef = B9A1E56DED2BAD3149919404 /* Pods_Movies.framework */; };
/* End PBXBuildFile section */

/* Begin PBXContainerItemProxy section */
		23E73C2B2668C7010059932B /* PBXContainerItemProxy */ = {
			isa = PBXContainerItemProxy;
			containerPortal = 23E73C0C2668C6FF0059932B /* Project object */;
			proxyType = 1;
			remoteGlobalIDString = 23E73C132668C6FF0059932B;
			remoteInfo = Movies;
		};
		23E73C362668C7010059932B /* PBXContainerItemProxy */ = {
			isa = PBXContainerItemProxy;
			containerPortal = 23E73C0C2668C6FF0059932B /* Project object */;
			proxyType = 1;
			remoteGlobalIDString = 23E73C132668C6FF0059932B;
			remoteInfo = Movies;
		};
/* End PBXContainerItemProxy section */

/* Begin PBXFileReference section */
		23E73C142668C6FF0059932B /* Movies.app */ = {isa = PBXFileReference; explicitFileType = wrapper.application; includeInIndex = 0; path = Movies.app; sourceTree = BUILT_PRODUCTS_DIR; };
		23E73C232668C7010059932B /* Base */ = {isa = PBXFileReference; lastKnownFileType = file.storyboard; name = Base; path = Base.lproj/LaunchScreen.storyboard; sourceTree = "<group>"; };
		23E73C252668C7010059932B /* Info.plist */ = {isa = PBXFileReference; lastKnownFileType = text.plist.xml; path = Info.plist; sourceTree = "<group>"; };
		23E73C2A2668C7010059932B /* MoviesTests.xctest */ = {isa = PBXFileReference; explicitFileType = wrapper.cfbundle; includeInIndex = 0; path = MoviesTests.xctest; sourceTree = BUILT_PRODUCTS_DIR; };
		23E73C2E2668C7010059932B /* MoviesTests.swift */ = {isa = PBXFileReference; lastKnownFileType = sourcecode.swift; path = MoviesTests.swift; sourceTree = "<group>"; };
		23E73C302668C7010059932B /* Info.plist */ = {isa = PBXFileReference; lastKnownFileType = text.plist.xml; path = Info.plist; sourceTree = "<group>"; };
		23E73C352668C7010059932B /* MoviesUITests.xctest */ = {isa = PBXFileReference; explicitFileType = wrapper.cfbundle; includeInIndex = 0; path = MoviesUITests.xctest; sourceTree = BUILT_PRODUCTS_DIR; };
		23E73C392668C7010059932B /* MoviesUITests.swift */ = {isa = PBXFileReference; lastKnownFileType = sourcecode.swift; path = MoviesUITests.swift; sourceTree = "<group>"; };
		23E73C3B2668C7010059932B /* Info.plist */ = {isa = PBXFileReference; lastKnownFileType = text.plist.xml; path = Info.plist; sourceTree = "<group>"; };
		23E73C4E2668C7E00059932B /* Assets.xcassets */ = {isa = PBXFileReference; lastKnownFileType = folder.assetcatalog; path = Assets.xcassets; sourceTree = "<group>"; };
		23E73C512668C7E00059932B /* AppDelegate.swift */ = {isa = PBXFileReference; fileEncoding = 4; lastKnownFileType = sourcecode.swift; path = AppDelegate.swift; sourceTree = "<group>"; };
		23E73C522668C7E00059932B /* SceneDelegate.swift */ = {isa = PBXFileReference; fileEncoding = 4; lastKnownFileType = sourcecode.swift; path = SceneDelegate.swift; sourceTree = "<group>"; };
		23E73C692668C8E30059932B /* Constants.swift */ = {isa = PBXFileReference; lastKnownFileType = sourcecode.swift; path = Constants.swift; sourceTree = "<group>"; };
		23E73C762668CA410059932B /* SearchMoviesViewController.swift */ = {isa = PBXFileReference; lastKnownFileType = sourcecode.swift; path = SearchMoviesViewController.swift; sourceTree = "<group>"; };
		23E73C772668CA410059932B /* SearchMoviesViewController.xib */ = {isa = PBXFileReference; lastKnownFileType = file.xib; path = SearchMoviesViewController.xib; sourceTree = "<group>"; };
		23E73C7D2668CA510059932B /* SearchMoviesViewModel.swift */ = {isa = PBXFileReference; lastKnownFileType = sourcecode.swift; path = SearchMoviesViewModel.swift; sourceTree = "<group>"; };
		23E73C822668CABE0059932B /* UIViewControllerExtension.swift */ = {isa = PBXFileReference; lastKnownFileType = sourcecode.swift; path = UIViewControllerExtension.swift; sourceTree = "<group>"; };
		23E73CBA2669C6A20059932B /* UIColorExtension.swift */ = {isa = PBXFileReference; lastKnownFileType = sourcecode.swift; path = UIColorExtension.swift; sourceTree = "<group>"; };
		23E73CBF2669C7220059932B /* APIConfiguration.swift */ = {isa = PBXFileReference; lastKnownFileType = sourcecode.swift; path = APIConfiguration.swift; sourceTree = "<group>"; };
		23E73CC42669CB2C0059932B /* APIProvider.swift */ = {isa = PBXFileReference; lastKnownFileType = sourcecode.swift; path = APIProvider.swift; sourceTree = "<group>"; };
		23E73D24266A12D80059932B /* SearchProvider.swift */ = {isa = PBXFileReference; lastKnownFileType = sourcecode.swift; path = SearchProvider.swift; sourceTree = "<group>"; };
		23E73D29266A14230059932B /* SearchResultModel.swift */ = {isa = PBXFileReference; lastKnownFileType = sourcecode.swift; path = SearchResultModel.swift; sourceTree = "<group>"; };
		23E73E06266A78CD0059932B /* UIViewExtension.swift */ = {isa = PBXFileReference; lastKnownFileType = sourcecode.swift; path = UIViewExtension.swift; sourceTree = "<group>"; };
		23E73E0B266A78F90059932B /* CALayerExtension.swift */ = {isa = PBXFileReference; lastKnownFileType = sourcecode.swift; path = CALayerExtension.swift; sourceTree = "<group>"; };
		23E73E13266A7A1F0059932B /* MovieTableViewCell.swift */ = {isa = PBXFileReference; lastKnownFileType = sourcecode.swift; path = MovieTableViewCell.swift; sourceTree = "<group>"; };
		23E73E14266A7A1F0059932B /* MovieTableViewCell.xib */ = {isa = PBXFileReference; lastKnownFileType = file.xib; path = MovieTableViewCell.xib; sourceTree = "<group>"; };
		23E73E1D266A809D0059932B /* EmptyTableViewCell.swift */ = {isa = PBXFileReference; lastKnownFileType = sourcecode.swift; path = EmptyTableViewCell.swift; sourceTree = "<group>"; };
		23E73E1E266A809D0059932B /* EmptyTableViewCell.xib */ = {isa = PBXFileReference; lastKnownFileType = file.xib; path = EmptyTableViewCell.xib; sourceTree = "<group>"; };
		23E73E24266A80B20059932B /* LoadingTableViewCell.swift */ = {isa = PBXFileReference; lastKnownFileType = sourcecode.swift; path = LoadingTableViewCell.swift; sourceTree = "<group>"; };
		23E73E25266A80B20059932B /* LoadingTableViewCell.xib */ = {isa = PBXFileReference; lastKnownFileType = file.xib; path = LoadingTableViewCell.xib; sourceTree = "<group>"; };
		23E73E2B266A81410059932B /* UIImageViewExtension.swift */ = {isa = PBXFileReference; lastKnownFileType = sourcecode.swift; path = UIImageViewExtension.swift; sourceTree = "<group>"; };
		23E73E35266A83410059932B /* UIButtonExtension.swift */ = {isa = PBXFileReference; lastKnownFileType = sourcecode.swift; path = UIButtonExtension.swift; sourceTree = "<group>"; };
		23E73E3A266A8A910059932B /* ArrayExtension.swift */ = {isa = PBXFileReference; lastKnownFileType = sourcecode.swift; path = ArrayExtension.swift; sourceTree = "<group>"; };
		27EF74A015C053A2B8331274 /* Pods_Movies_MoviesUITests.framework */ = {isa = PBXFileReference; explicitFileType = wrapper.framework; includeInIndex = 0; path = Pods_Movies_MoviesUITests.framework; sourceTree = BUILT_PRODUCTS_DIR; };
		3B73FDC213F446A9AE5B10E2 /* Pods-Movies-MoviesUITests.release.xcconfig */ = {isa = PBXFileReference; includeInIndex = 1; lastKnownFileType = text.xcconfig; name = "Pods-Movies-MoviesUITests.release.xcconfig"; path = "Target Support Files/Pods-Movies-MoviesUITests/Pods-Movies-MoviesUITests.release.xcconfig"; sourceTree = "<group>"; };
		3FF2B210790A41D261BDD150 /* Pods_MoviesTests.framework */ = {isa = PBXFileReference; explicitFileType = wrapper.framework; includeInIndex = 0; path = Pods_MoviesTests.framework; sourceTree = BUILT_PRODUCTS_DIR; };
		85BF9E43B2167A1B1A10AFFC /* Pods-MoviesTests.debug.xcconfig */ = {isa = PBXFileReference; includeInIndex = 1; lastKnownFileType = text.xcconfig; name = "Pods-MoviesTests.debug.xcconfig"; path = "Target Support Files/Pods-MoviesTests/Pods-MoviesTests.debug.xcconfig"; sourceTree = "<group>"; };
		8616ABAC4B65AC8396D258F8 /* Pods-Movies-MoviesUITests.debug.xcconfig */ = {isa = PBXFileReference; includeInIndex = 1; lastKnownFileType = text.xcconfig; name = "Pods-Movies-MoviesUITests.debug.xcconfig"; path = "Target Support Files/Pods-Movies-MoviesUITests/Pods-Movies-MoviesUITests.debug.xcconfig"; sourceTree = "<group>"; };
		900A0F0145E06D4917090A66 /* Pods-Movies.debug.xcconfig */ = {isa = PBXFileReference; includeInIndex = 1; lastKnownFileType = text.xcconfig; name = "Pods-Movies.debug.xcconfig"; path = "Target Support Files/Pods-Movies/Pods-Movies.debug.xcconfig"; sourceTree = "<group>"; };
		A712064C87970B9961C684D7 /* Pods-MoviesTests.release.xcconfig */ = {isa = PBXFileReference; includeInIndex = 1; lastKnownFileType = text.xcconfig; name = "Pods-MoviesTests.release.xcconfig"; path = "Target Support Files/Pods-MoviesTests/Pods-MoviesTests.release.xcconfig"; sourceTree = "<group>"; };
		B9A1E56DED2BAD3149919404 /* Pods_Movies.framework */ = {isa = PBXFileReference; explicitFileType = wrapper.framework; includeInIndex = 0; path = Pods_Movies.framework; sourceTree = BUILT_PRODUCTS_DIR; };
		CBF9581392C9E51CF540C7EF /* Pods-Movies.release.xcconfig */ = {isa = PBXFileReference; includeInIndex = 1; lastKnownFileType = text.xcconfig; name = "Pods-Movies.release.xcconfig"; path = "Target Support Files/Pods-Movies/Pods-Movies.release.xcconfig"; sourceTree = "<group>"; };
/* End PBXFileReference section */

/* Begin PBXFrameworksBuildPhase section */
		23E73C112668C6FF0059932B /* Frameworks */ = {
			isa = PBXFrameworksBuildPhase;
			buildActionMask = 2147483647;
			files = (
				D79DDD9D83CFA1A2DBB0A903 /* Pods_Movies.framework in Frameworks */,
			);
			runOnlyForDeploymentPostprocessing = 0;
		};
		23E73C272668C7010059932B /* Frameworks */ = {
			isa = PBXFrameworksBuildPhase;
			buildActionMask = 2147483647;
			files = (
				22E2F6C86B3394F249BDA7D3 /* Pods_MoviesTests.framework in Frameworks */,
			);
			runOnlyForDeploymentPostprocessing = 0;
		};
		23E73C322668C7010059932B /* Frameworks */ = {
			isa = PBXFrameworksBuildPhase;
			buildActionMask = 2147483647;
			files = (
				216C7B38513C5951332237E5 /* Pods_Movies_MoviesUITests.framework in Frameworks */,
			);
			runOnlyForDeploymentPostprocessing = 0;
		};
/* End PBXFrameworksBuildPhase section */

/* Begin PBXGroup section */
		23E73C0B2668C6FF0059932B = {
			isa = PBXGroup;
			children = (
				23E73C162668C6FF0059932B /* Movies */,
				23E73C2D2668C7010059932B /* MoviesTests */,
				23E73C382668C7010059932B /* MoviesUITests */,
				23E73C152668C6FF0059932B /* Products */,
				606F278F59B4FA94B8B15DA2 /* Pods */,
				52C63AE415E7593D2A7A62C5 /* Frameworks */,
			);
			sourceTree = "<group>";
		};
		23E73C152668C6FF0059932B /* Products */ = {
			isa = PBXGroup;
			children = (
				23E73C142668C6FF0059932B /* Movies.app */,
				23E73C2A2668C7010059932B /* MoviesTests.xctest */,
				23E73C352668C7010059932B /* MoviesUITests.xctest */,
			);
			name = Products;
			sourceTree = "<group>";
		};
		23E73C162668C6FF0059932B /* Movies */ = {
			isa = PBXGroup;
			children = (
				23E73C4F2668C7E00059932B /* Classes */,
				23E73C4D2668C7E00059932B /* Resources */,
				23E73C222668C7010059932B /* LaunchScreen.storyboard */,
				23E73C252668C7010059932B /* Info.plist */,
			);
			path = Movies;
			sourceTree = "<group>";
		};
		23E73C2D2668C7010059932B /* MoviesTests */ = {
			isa = PBXGroup;
			children = (
				23E73C2E2668C7010059932B /* MoviesTests.swift */,
				23E73C302668C7010059932B /* Info.plist */,
			);
			path = MoviesTests;
			sourceTree = "<group>";
		};
		23E73C382668C7010059932B /* MoviesUITests */ = {
			isa = PBXGroup;
			children = (
				23E73C392668C7010059932B /* MoviesUITests.swift */,
				23E73C3B2668C7010059932B /* Info.plist */,
			);
			path = MoviesUITests;
			sourceTree = "<group>";
		};
		23E73C4D2668C7E00059932B /* Resources */ = {
			isa = PBXGroup;
			children = (
				23E73C4E2668C7E00059932B /* Assets.xcassets */,
			);
			path = Resources;
			sourceTree = "<group>";
		};
		23E73C4F2668C7E00059932B /* Classes */ = {
			isa = PBXGroup;
			children = (
				23E73C512668C7E00059932B /* AppDelegate.swift */,
				23E73C522668C7E00059932B /* SceneDelegate.swift */,
				23E73C662668C8AD0059932B /* Common */,
				23E73C672668C8B70059932B /* Modules */,
			);
			path = Classes;
			sourceTree = "<group>";
		};
		23E73C662668C8AD0059932B /* Common */ = {
			isa = PBXGroup;
			children = (
				23E73C692668C8E30059932B /* Constants.swift */,
				23E73C712668C95F0059932B /* Components */,
				23E73C682668C8C30059932B /* Extensions */,
				23E73C6E2668C8F20059932B /* Helper */,
				23E73C6F2668C8FB0059932B /* Models */,
				23E73C722668C9B20059932B /* API */,
				23E73C702668C9070059932B /* Views */,
			);
			path = Common;
			sourceTree = "<group>";
		};
		23E73C672668C8B70059932B /* Modules */ = {
			isa = PBXGroup;
			children = (
				23E73C752668CA190059932B /* SearchMovies */,
			);
			path = Modules;
			sourceTree = "<group>";
		};
		23E73C682668C8C30059932B /* Extensions */ = {
			isa = PBXGroup;
			children = (
				23E73C822668CABE0059932B /* UIViewControllerExtension.swift */,
				23E73CBA2669C6A20059932B /* UIColorExtension.swift */,
				23E73E06266A78CD0059932B /* UIViewExtension.swift */,
				23E73E0B266A78F90059932B /* CALayerExtension.swift */,
				23E73E2B266A81410059932B /* UIImageViewExtension.swift */,
				23E73E35266A83410059932B /* UIButtonExtension.swift */,
				23E73E3A266A8A910059932B /* ArrayExtension.swift */,
			);
			path = Extensions;
			sourceTree = "<group>";
		};
		23E73C6E2668C8F20059932B /* Helper */ = {
			isa = PBXGroup;
			children = (
			);
			path = Helper;
			sourceTree = "<group>";
		};
		23E73C6F2668C8FB0059932B /* Models */ = {
			isa = PBXGroup;
			children = (
				23E73D29266A14230059932B /* SearchResultModel.swift */,
			);
			path = Models;
			sourceTree = "<group>";
		};
		23E73C702668C9070059932B /* Views */ = {
			isa = PBXGroup;
			children = (
				23E73E11266A79290059932B /* TableViewCells */,
			);
			path = Views;
			sourceTree = "<group>";
		};
		23E73C712668C95F0059932B /* Components */ = {
			isa = PBXGroup;
			children = (
			);
			path = Components;
			sourceTree = "<group>";
		};
		23E73C722668C9B20059932B /* API */ = {
			isa = PBXGroup;
			children = (
				23E73C742668C9E50059932B /* Provider */,
				23E73C732668C9D70059932B /* Configuration */,
			);
			path = API;
			sourceTree = "<group>";
		};
		23E73C732668C9D70059932B /* Configuration */ = {
			isa = PBXGroup;
			children = (
				23E73CBF2669C7220059932B /* APIConfiguration.swift */,
			);
			path = Configuration;
			sourceTree = "<group>";
		};
		23E73C742668C9E50059932B /* Provider */ = {
			isa = PBXGroup;
			children = (
				23E73CC42669CB2C0059932B /* APIProvider.swift */,
				23E73D24266A12D80059932B /* SearchProvider.swift */,
			);
			path = Provider;
			sourceTree = "<group>";
		};
		23E73C752668CA190059932B /* SearchMovies */ = {
			isa = PBXGroup;
			children = (
				23E73E12266A79450059932B /* Cells */,
				23E73C762668CA410059932B /* SearchMoviesViewController.swift */,
				23E73C7D2668CA510059932B /* SearchMoviesViewModel.swift */,
				23E73C772668CA410059932B /* SearchMoviesViewController.xib */,
			);
			path = SearchMovies;
			sourceTree = "<group>";
		};
		23E73E11266A79290059932B /* TableViewCells */ = {
			isa = PBXGroup;
			children = (
				23E73E1D266A809D0059932B /* EmptyTableViewCell.swift */,
				23E73E1E266A809D0059932B /* EmptyTableViewCell.xib */,
				23E73E24266A80B20059932B /* LoadingTableViewCell.swift */,
				23E73E25266A80B20059932B /* LoadingTableViewCell.xib */,
			);
			path = TableViewCells;
			sourceTree = "<group>";
		};
		23E73E12266A79450059932B /* Cells */ = {
			isa = PBXGroup;
			children = (
				23E73E13266A7A1F0059932B /* MovieTableViewCell.swift */,
				23E73E14266A7A1F0059932B /* MovieTableViewCell.xib */,
			);
			path = Cells;
			sourceTree = "<group>";
		};
		52C63AE415E7593D2A7A62C5 /* Frameworks */ = {
			isa = PBXGroup;
			children = (
				B9A1E56DED2BAD3149919404 /* Pods_Movies.framework */,
				27EF74A015C053A2B8331274 /* Pods_Movies_MoviesUITests.framework */,
				3FF2B210790A41D261BDD150 /* Pods_MoviesTests.framework */,
			);
			name = Frameworks;
			sourceTree = "<group>";
		};
		606F278F59B4FA94B8B15DA2 /* Pods */ = {
			isa = PBXGroup;
			children = (
				900A0F0145E06D4917090A66 /* Pods-Movies.debug.xcconfig */,
				CBF9581392C9E51CF540C7EF /* Pods-Movies.release.xcconfig */,
				8616ABAC4B65AC8396D258F8 /* Pods-Movies-MoviesUITests.debug.xcconfig */,
				3B73FDC213F446A9AE5B10E2 /* Pods-Movies-MoviesUITests.release.xcconfig */,
				85BF9E43B2167A1B1A10AFFC /* Pods-MoviesTests.debug.xcconfig */,
				A712064C87970B9961C684D7 /* Pods-MoviesTests.release.xcconfig */,
			);
			path = Pods;
			sourceTree = "<group>";
		};
/* End PBXGroup section */

/* Begin PBXNativeTarget section */
		23E73C132668C6FF0059932B /* Movies */ = {
			isa = PBXNativeTarget;
			buildConfigurationList = 23E73C3E2668C7010059932B /* Build configuration list for PBXNativeTarget "Movies" */;
			buildPhases = (
				9E486A0764727EBEE2050ED3 /* [CP] Check Pods Manifest.lock */,
				23E73C102668C6FF0059932B /* Sources */,
				23E73C112668C6FF0059932B /* Frameworks */,
				23E73C122668C6FF0059932B /* Resources */,
				6864AB608BEEDF1508870C83 /* [CP] Embed Pods Frameworks */,
			);
			buildRules = (
			);
			dependencies = (
			);
			name = Movies;
			productName = Movies;
			productReference = 23E73C142668C6FF0059932B /* Movies.app */;
			productType = "com.apple.product-type.application";
		};
		23E73C292668C7010059932B /* MoviesTests */ = {
			isa = PBXNativeTarget;
			buildConfigurationList = 23E73C412668C7010059932B /* Build configuration list for PBXNativeTarget "MoviesTests" */;
			buildPhases = (
				38BBAF441D45DEF29A0B1E27 /* [CP] Check Pods Manifest.lock */,
				23E73C262668C7010059932B /* Sources */,
				23E73C272668C7010059932B /* Frameworks */,
				23E73C282668C7010059932B /* Resources */,
			);
			buildRules = (
			);
			dependencies = (
				23E73C2C2668C7010059932B /* PBXTargetDependency */,
			);
			name = MoviesTests;
			productName = MoviesTests;
			productReference = 23E73C2A2668C7010059932B /* MoviesTests.xctest */;
			productType = "com.apple.product-type.bundle.unit-test";
		};
		23E73C342668C7010059932B /* MoviesUITests */ = {
			isa = PBXNativeTarget;
			buildConfigurationList = 23E73C442668C7010059932B /* Build configuration list for PBXNativeTarget "MoviesUITests" */;
			buildPhases = (
				2F793A73B4AB65D00957D1D7 /* [CP] Check Pods Manifest.lock */,
				23E73C312668C7010059932B /* Sources */,
				23E73C322668C7010059932B /* Frameworks */,
				23E73C332668C7010059932B /* Resources */,
				93F687FD32FA28725C5E32FC /* [CP] Embed Pods Frameworks */,
			);
			buildRules = (
			);
			dependencies = (
				23E73C372668C7010059932B /* PBXTargetDependency */,
			);
			name = MoviesUITests;
			productName = MoviesUITests;
			productReference = 23E73C352668C7010059932B /* MoviesUITests.xctest */;
			productType = "com.apple.product-type.bundle.ui-testing";
		};
/* End PBXNativeTarget section */

/* Begin PBXProject section */
		23E73C0C2668C6FF0059932B /* Project object */ = {
			isa = PBXProject;
			attributes = {
				LastSwiftUpdateCheck = 1240;
				LastUpgradeCheck = 1240;
				TargetAttributes = {
					23E73C132668C6FF0059932B = {
						CreatedOnToolsVersion = 12.4;
					};
					23E73C292668C7010059932B = {
						CreatedOnToolsVersion = 12.4;
						TestTargetID = 23E73C132668C6FF0059932B;
					};
					23E73C342668C7010059932B = {
						CreatedOnToolsVersion = 12.4;
						TestTargetID = 23E73C132668C6FF0059932B;
					};
				};
			};
			buildConfigurationList = 23E73C0F2668C6FF0059932B /* Build configuration list for PBXProject "Movies" */;
			compatibilityVersion = "Xcode 9.3";
			developmentRegion = en;
			hasScannedForEncodings = 0;
			knownRegions = (
				en,
				Base,
			);
			mainGroup = 23E73C0B2668C6FF0059932B;
			productRefGroup = 23E73C152668C6FF0059932B /* Products */;
			projectDirPath = "";
			projectRoot = "";
			targets = (
				23E73C132668C6FF0059932B /* Movies */,
				23E73C292668C7010059932B /* MoviesTests */,
				23E73C342668C7010059932B /* MoviesUITests */,
			);
		};
/* End PBXProject section */

/* Begin PBXResourcesBuildPhase section */
		23E73C122668C6FF0059932B /* Resources */ = {
			isa = PBXResourcesBuildPhase;
			buildActionMask = 2147483647;
			files = (
				23E73E27266A80B20059932B /* LoadingTableViewCell.xib in Resources */,
				23E73C242668C7010059932B /* LaunchScreen.storyboard in Resources */,
				23E73E20266A809D0059932B /* EmptyTableViewCell.xib in Resources */,
				23E73C792668CA410059932B /* SearchMoviesViewController.xib in Resources */,
				23E73E16266A7A1F0059932B /* MovieTableViewCell.xib in Resources */,
				23E73C532668C7E00059932B /* Assets.xcassets in Resources */,
			);
			runOnlyForDeploymentPostprocessing = 0;
		};
		23E73C282668C7010059932B /* Resources */ = {
			isa = PBXResourcesBuildPhase;
			buildActionMask = 2147483647;
			files = (
			);
			runOnlyForDeploymentPostprocessing = 0;
		};
		23E73C332668C7010059932B /* Resources */ = {
			isa = PBXResourcesBuildPhase;
			buildActionMask = 2147483647;
			files = (
			);
			runOnlyForDeploymentPostprocessing = 0;
		};
/* End PBXResourcesBuildPhase section */

/* Begin PBXShellScriptBuildPhase section */
		2F793A73B4AB65D00957D1D7 /* [CP] Check Pods Manifest.lock */ = {
			isa = PBXShellScriptBuildPhase;
			buildActionMask = 2147483647;
			files = (
			);
			inputFileListPaths = (
			);
			inputPaths = (
				"${PODS_PODFILE_DIR_PATH}/Podfile.lock",
				"${PODS_ROOT}/Manifest.lock",
			);
			name = "[CP] Check Pods Manifest.lock";
			outputFileListPaths = (
			);
			outputPaths = (
				"$(DERIVED_FILE_DIR)/Pods-Movies-MoviesUITests-checkManifestLockResult.txt",
			);
			runOnlyForDeploymentPostprocessing = 0;
			shellPath = /bin/sh;
			shellScript = "diff \"${PODS_PODFILE_DIR_PATH}/Podfile.lock\" \"${PODS_ROOT}/Manifest.lock\" > /dev/null\nif [ $? != 0 ] ; then\n    # print error to STDERR\n    echo \"error: The sandbox is not in sync with the Podfile.lock. Run 'pod install' or update your CocoaPods installation.\" >&2\n    exit 1\nfi\n# This output is used by Xcode 'outputs' to avoid re-running this script phase.\necho \"SUCCESS\" > \"${SCRIPT_OUTPUT_FILE_0}\"\n";
			showEnvVarsInLog = 0;
		};
		38BBAF441D45DEF29A0B1E27 /* [CP] Check Pods Manifest.lock */ = {
			isa = PBXShellScriptBuildPhase;
			buildActionMask = 2147483647;
			files = (
			);
			inputFileListPaths = (
			);
			inputPaths = (
				"${PODS_PODFILE_DIR_PATH}/Podfile.lock",
				"${PODS_ROOT}/Manifest.lock",
			);
			name = "[CP] Check Pods Manifest.lock";
			outputFileListPaths = (
			);
			outputPaths = (
				"$(DERIVED_FILE_DIR)/Pods-MoviesTests-checkManifestLockResult.txt",
			);
			runOnlyForDeploymentPostprocessing = 0;
			shellPath = /bin/sh;
			shellScript = "diff \"${PODS_PODFILE_DIR_PATH}/Podfile.lock\" \"${PODS_ROOT}/Manifest.lock\" > /dev/null\nif [ $? != 0 ] ; then\n    # print error to STDERR\n    echo \"error: The sandbox is not in sync with the Podfile.lock. Run 'pod install' or update your CocoaPods installation.\" >&2\n    exit 1\nfi\n# This output is used by Xcode 'outputs' to avoid re-running this script phase.\necho \"SUCCESS\" > \"${SCRIPT_OUTPUT_FILE_0}\"\n";
			showEnvVarsInLog = 0;
		};
		6864AB608BEEDF1508870C83 /* [CP] Embed Pods Frameworks */ = {
			isa = PBXShellScriptBuildPhase;
			buildActionMask = 2147483647;
			files = (
			);
			inputFileListPaths = (
				"${PODS_ROOT}/Target Support Files/Pods-Movies/Pods-Movies-frameworks-${CONFIGURATION}-input-files.xcfilelist",
			);
			name = "[CP] Embed Pods Frameworks";
			outputFileListPaths = (
				"${PODS_ROOT}/Target Support Files/Pods-Movies/Pods-Movies-frameworks-${CONFIGURATION}-output-files.xcfilelist",
			);
			runOnlyForDeploymentPostprocessing = 0;
			shellPath = /bin/sh;
			shellScript = "\"${PODS_ROOT}/Target Support Files/Pods-Movies/Pods-Movies-frameworks.sh\"\n";
			showEnvVarsInLog = 0;
		};
		93F687FD32FA28725C5E32FC /* [CP] Embed Pods Frameworks */ = {
			isa = PBXShellScriptBuildPhase;
			buildActionMask = 2147483647;
			files = (
			);
			inputFileListPaths = (
				"${PODS_ROOT}/Target Support Files/Pods-Movies-MoviesUITests/Pods-Movies-MoviesUITests-frameworks-${CONFIGURATION}-input-files.xcfilelist",
			);
			name = "[CP] Embed Pods Frameworks";
			outputFileListPaths = (
				"${PODS_ROOT}/Target Support Files/Pods-Movies-MoviesUITests/Pods-Movies-MoviesUITests-frameworks-${CONFIGURATION}-output-files.xcfilelist",
			);
			runOnlyForDeploymentPostprocessing = 0;
			shellPath = /bin/sh;
			shellScript = "\"${PODS_ROOT}/Target Support Files/Pods-Movies-MoviesUITests/Pods-Movies-MoviesUITests-frameworks.sh\"\n";
			showEnvVarsInLog = 0;
		};
		9E486A0764727EBEE2050ED3 /* [CP] Check Pods Manifest.lock */ = {
			isa = PBXShellScriptBuildPhase;
			buildActionMask = 2147483647;
			files = (
			);
			inputFileListPaths = (
			);
			inputPaths = (
				"${PODS_PODFILE_DIR_PATH}/Podfile.lock",
				"${PODS_ROOT}/Manifest.lock",
			);
			name = "[CP] Check Pods Manifest.lock";
			outputFileListPaths = (
			);
			outputPaths = (
				"$(DERIVED_FILE_DIR)/Pods-Movies-checkManifestLockResult.txt",
			);
			runOnlyForDeploymentPostprocessing = 0;
			shellPath = /bin/sh;
			shellScript = "diff \"${PODS_PODFILE_DIR_PATH}/Podfile.lock\" \"${PODS_ROOT}/Manifest.lock\" > /dev/null\nif [ $? != 0 ] ; then\n    # print error to STDERR\n    echo \"error: The sandbox is not in sync with the Podfile.lock. Run 'pod install' or update your CocoaPods installation.\" >&2\n    exit 1\nfi\n# This output is used by Xcode 'outputs' to avoid re-running this script phase.\necho \"SUCCESS\" > \"${SCRIPT_OUTPUT_FILE_0}\"\n";
			showEnvVarsInLog = 0;
		};
/* End PBXShellScriptBuildPhase section */

/* Begin PBXSourcesBuildPhase section */
		23E73C102668C6FF0059932B /* Sources */ = {
			isa = PBXSourcesBuildPhase;
			buildActionMask = 2147483647;
			files = (
				23E73C552668C7E00059932B /* AppDelegate.swift in Sources */,
				23E73CBB2669C6A20059932B /* UIColorExtension.swift in Sources */,
				23E73E15266A7A1F0059932B /* MovieTableViewCell.swift in Sources */,
				23E73C562668C7E00059932B /* SceneDelegate.swift in Sources */,
				23E73CC52669CB2C0059932B /* APIProvider.swift in Sources */,
				23E73E36266A83410059932B /* UIButtonExtension.swift in Sources */,
				23E73CC02669C7220059932B /* APIConfiguration.swift in Sources */,
				23E73E26266A80B20059932B /* LoadingTableViewCell.swift in Sources */,
				23E73C832668CABE0059932B /* UIViewControllerExtension.swift in Sources */,
				23E73E07266A78CD0059932B /* UIViewExtension.swift in Sources */,
				23E73E1F266A809D0059932B /* EmptyTableViewCell.swift in Sources */,
				23E73E0C266A78F90059932B /* CALayerExtension.swift in Sources */,
				23E73C7E2668CA510059932B /* SearchMoviesViewModel.swift in Sources */,
				23E73D25266A12D80059932B /* SearchProvider.swift in Sources */,
				23E73E2C266A81410059932B /* UIImageViewExtension.swift in Sources */,
				23E73D2A266A14230059932B /* SearchResultModel.swift in Sources */,
				23E73C782668CA410059932B /* SearchMoviesViewController.swift in Sources */,
				23E73C6A2668C8E30059932B /* Constants.swift in Sources */,
				23E73E3B266A8A910059932B /* ArrayExtension.swift in Sources */,
			);
			runOnlyForDeploymentPostprocessing = 0;
		};
		23E73C262668C7010059932B /* Sources */ = {
			isa = PBXSourcesBuildPhase;
			buildActionMask = 2147483647;
			files = (
				23E73C2F2668C7010059932B /* MoviesTests.swift in Sources */,
			);
			runOnlyForDeploymentPostprocessing = 0;
		};
		23E73C312668C7010059932B /* Sources */ = {
			isa = PBXSourcesBuildPhase;
			buildActionMask = 2147483647;
			files = (
				23E73C3A2668C7010059932B /* MoviesUITests.swift in Sources */,
			);
			runOnlyForDeploymentPostprocessing = 0;
		};
/* End PBXSourcesBuildPhase section */

/* Begin PBXTargetDependency section */
		23E73C2C2668C7010059932B /* PBXTargetDependency */ = {
			isa = PBXTargetDependency;
			target = 23E73C132668C6FF0059932B /* Movies */;
			targetProxy = 23E73C2B2668C7010059932B /* PBXContainerItemProxy */;
		};
		23E73C372668C7010059932B /* PBXTargetDependency */ = {
			isa = PBXTargetDependency;
			target = 23E73C132668C6FF0059932B /* Movies */;
			targetProxy = 23E73C362668C7010059932B /* PBXContainerItemProxy */;
		};
/* End PBXTargetDependency section */

/* Begin PBXVariantGroup section */
		23E73C222668C7010059932B /* LaunchScreen.storyboard */ = {
			isa = PBXVariantGroup;
			children = (
				23E73C232668C7010059932B /* Base */,
			);
			name = LaunchScreen.storyboard;
			sourceTree = "<group>";
		};
/* End PBXVariantGroup section */

/* Begin XCBuildConfiguration section */
		23E73C3C2668C7010059932B /* Debug */ = {
			isa = XCBuildConfiguration;
			buildSettings = {
				ALWAYS_SEARCH_USER_PATHS = NO;
				CLANG_ANALYZER_NONNULL = YES;
				CLANG_ANALYZER_NUMBER_OBJECT_CONVERSION = YES_AGGRESSIVE;
				CLANG_CXX_LANGUAGE_STANDARD = "gnu++14";
				CLANG_CXX_LIBRARY = "libc++";
				CLANG_ENABLE_MODULES = YES;
				CLANG_ENABLE_OBJC_ARC = YES;
				CLANG_ENABLE_OBJC_WEAK = YES;
				CLANG_WARN_BLOCK_CAPTURE_AUTORELEASING = YES;
				CLANG_WARN_BOOL_CONVERSION = YES;
				CLANG_WARN_COMMA = YES;
				CLANG_WARN_CONSTANT_CONVERSION = YES;
				CLANG_WARN_DEPRECATED_OBJC_IMPLEMENTATIONS = YES;
				CLANG_WARN_DIRECT_OBJC_ISA_USAGE = YES_ERROR;
				CLANG_WARN_DOCUMENTATION_COMMENTS = YES;
				CLANG_WARN_EMPTY_BODY = YES;
				CLANG_WARN_ENUM_CONVERSION = YES;
				CLANG_WARN_INFINITE_RECURSION = YES;
				CLANG_WARN_INT_CONVERSION = YES;
				CLANG_WARN_NON_LITERAL_NULL_CONVERSION = YES;
				CLANG_WARN_OBJC_IMPLICIT_RETAIN_SELF = YES;
				CLANG_WARN_OBJC_LITERAL_CONVERSION = YES;
				CLANG_WARN_OBJC_ROOT_CLASS = YES_ERROR;
				CLANG_WARN_QUOTED_INCLUDE_IN_FRAMEWORK_HEADER = YES;
				CLANG_WARN_RANGE_LOOP_ANALYSIS = YES;
				CLANG_WARN_STRICT_PROTOTYPES = YES;
				CLANG_WARN_SUSPICIOUS_MOVE = YES;
				CLANG_WARN_UNGUARDED_AVAILABILITY = YES_AGGRESSIVE;
				CLANG_WARN_UNREACHABLE_CODE = YES;
				CLANG_WARN__DUPLICATE_METHOD_MATCH = YES;
				COPY_PHASE_STRIP = NO;
				DEBUG_INFORMATION_FORMAT = dwarf;
				ENABLE_STRICT_OBJC_MSGSEND = YES;
				ENABLE_TESTABILITY = YES;
				GCC_C_LANGUAGE_STANDARD = gnu11;
				GCC_DYNAMIC_NO_PIC = NO;
				GCC_NO_COMMON_BLOCKS = YES;
				GCC_OPTIMIZATION_LEVEL = 0;
				GCC_PREPROCESSOR_DEFINITIONS = (
					"DEBUG=1",
					"$(inherited)",
				);
				GCC_WARN_64_TO_32_BIT_CONVERSION = YES;
				GCC_WARN_ABOUT_RETURN_TYPE = YES_ERROR;
				GCC_WARN_UNDECLARED_SELECTOR = YES;
				GCC_WARN_UNINITIALIZED_AUTOS = YES_AGGRESSIVE;
				GCC_WARN_UNUSED_FUNCTION = YES;
				GCC_WARN_UNUSED_VARIABLE = YES;
				IPHONEOS_DEPLOYMENT_TARGET = 14.4;
				MTL_ENABLE_DEBUG_INFO = INCLUDE_SOURCE;
				MTL_FAST_MATH = YES;
				ONLY_ACTIVE_ARCH = YES;
				SDKROOT = iphoneos;
				SWIFT_ACTIVE_COMPILATION_CONDITIONS = DEBUG;
				SWIFT_OPTIMIZATION_LEVEL = "-Onone";
			};
			name = Debug;
		};
		23E73C3D2668C7010059932B /* Release */ = {
			isa = XCBuildConfiguration;
			buildSettings = {
				ALWAYS_SEARCH_USER_PATHS = NO;
				CLANG_ANALYZER_NONNULL = YES;
				CLANG_ANALYZER_NUMBER_OBJECT_CONVERSION = YES_AGGRESSIVE;
				CLANG_CXX_LANGUAGE_STANDARD = "gnu++14";
				CLANG_CXX_LIBRARY = "libc++";
				CLANG_ENABLE_MODULES = YES;
				CLANG_ENABLE_OBJC_ARC = YES;
				CLANG_ENABLE_OBJC_WEAK = YES;
				CLANG_WARN_BLOCK_CAPTURE_AUTORELEASING = YES;
				CLANG_WARN_BOOL_CONVERSION = YES;
				CLANG_WARN_COMMA = YES;
				CLANG_WARN_CONSTANT_CONVERSION = YES;
				CLANG_WARN_DEPRECATED_OBJC_IMPLEMENTATIONS = YES;
				CLANG_WARN_DIRECT_OBJC_ISA_USAGE = YES_ERROR;
				CLANG_WARN_DOCUMENTATION_COMMENTS = YES;
				CLANG_WARN_EMPTY_BODY = YES;
				CLANG_WARN_ENUM_CONVERSION = YES;
				CLANG_WARN_INFINITE_RECURSION = YES;
				CLANG_WARN_INT_CONVERSION = YES;
				CLANG_WARN_NON_LITERAL_NULL_CONVERSION = YES;
				CLANG_WARN_OBJC_IMPLICIT_RETAIN_SELF = YES;
				CLANG_WARN_OBJC_LITERAL_CONVERSION = YES;
				CLANG_WARN_OBJC_ROOT_CLASS = YES_ERROR;
				CLANG_WARN_QUOTED_INCLUDE_IN_FRAMEWORK_HEADER = YES;
				CLANG_WARN_RANGE_LOOP_ANALYSIS = YES;
				CLANG_WARN_STRICT_PROTOTYPES = YES;
				CLANG_WARN_SUSPICIOUS_MOVE = YES;
				CLANG_WARN_UNGUARDED_AVAILABILITY = YES_AGGRESSIVE;
				CLANG_WARN_UNREACHABLE_CODE = YES;
				CLANG_WARN__DUPLICATE_METHOD_MATCH = YES;
				COPY_PHASE_STRIP = NO;
				DEBUG_INFORMATION_FORMAT = "dwarf-with-dsym";
				ENABLE_NS_ASSERTIONS = NO;
				ENABLE_STRICT_OBJC_MSGSEND = YES;
				GCC_C_LANGUAGE_STANDARD = gnu11;
				GCC_NO_COMMON_BLOCKS = YES;
				GCC_WARN_64_TO_32_BIT_CONVERSION = YES;
				GCC_WARN_ABOUT_RETURN_TYPE = YES_ERROR;
				GCC_WARN_UNDECLARED_SELECTOR = YES;
				GCC_WARN_UNINITIALIZED_AUTOS = YES_AGGRESSIVE;
				GCC_WARN_UNUSED_FUNCTION = YES;
				GCC_WARN_UNUSED_VARIABLE = YES;
				IPHONEOS_DEPLOYMENT_TARGET = 14.4;
				MTL_ENABLE_DEBUG_INFO = NO;
				MTL_FAST_MATH = YES;
				SDKROOT = iphoneos;
				SWIFT_COMPILATION_MODE = wholemodule;
				SWIFT_OPTIMIZATION_LEVEL = "-O";
				VALIDATE_PRODUCT = YES;
			};
			name = Release;
		};
		23E73C3F2668C7010059932B /* Debug */ = {
			isa = XCBuildConfiguration;
			baseConfigurationReference = 900A0F0145E06D4917090A66 /* Pods-Movies.debug.xcconfig */;
			buildSettings = {
				ASSETCATALOG_COMPILER_APPICON_NAME = AppIcon;
				ASSETCATALOG_COMPILER_GLOBAL_ACCENT_COLOR_NAME = AccentColor;
				CODE_SIGN_STYLE = Automatic;
				INFOPLIST_FILE = Movies/Info.plist;
				IPHONEOS_DEPLOYMENT_TARGET = 13.0;
				LD_RUNPATH_SEARCH_PATHS = (
					"$(inherited)",
					"@executable_path/Frameworks",
				);
				PRODUCT_BUNDLE_IDENTIFIER = com.nizarnizar.Movies;
				PRODUCT_NAME = "$(TARGET_NAME)";
				SWIFT_VERSION = 5.0;
				TARGETED_DEVICE_FAMILY = 1;
			};
			name = Debug;
		};
		23E73C402668C7010059932B /* Release */ = {
			isa = XCBuildConfiguration;
			baseConfigurationReference = CBF9581392C9E51CF540C7EF /* Pods-Movies.release.xcconfig */;
			buildSettings = {
				ASSETCATALOG_COMPILER_APPICON_NAME = AppIcon;
				ASSETCATALOG_COMPILER_GLOBAL_ACCENT_COLOR_NAME = AccentColor;
				CODE_SIGN_STYLE = Automatic;
				INFOPLIST_FILE = Movies/Info.plist;
				IPHONEOS_DEPLOYMENT_TARGET = 13.0;
				LD_RUNPATH_SEARCH_PATHS = (
					"$(inherited)",
					"@executable_path/Frameworks",
				);
				PRODUCT_BUNDLE_IDENTIFIER = com.nizarnizar.Movies;
				PRODUCT_NAME = "$(TARGET_NAME)";
				SWIFT_VERSION = 5.0;
				TARGETED_DEVICE_FAMILY = 1;
			};
			name = Release;
		};
		23E73C422668C7010059932B /* Debug */ = {
			isa = XCBuildConfiguration;
			baseConfigurationReference = 85BF9E43B2167A1B1A10AFFC /* Pods-MoviesTests.debug.xcconfig */;
			buildSettings = {
				ALWAYS_EMBED_SWIFT_STANDARD_LIBRARIES = YES;
				BUNDLE_LOADER = "$(TEST_HOST)";
				CODE_SIGN_STYLE = Automatic;
				INFOPLIST_FILE = MoviesTests/Info.plist;
				IPHONEOS_DEPLOYMENT_TARGET = 14.4;
				LD_RUNPATH_SEARCH_PATHS = (
					"$(inherited)",
					"@executable_path/Frameworks",
					"@loader_path/Frameworks",
				);
				PRODUCT_BUNDLE_IDENTIFIER = com.nizarnizar.MoviesTests;
				PRODUCT_NAME = "$(TARGET_NAME)";
				SWIFT_VERSION = 5.0;
				TARGETED_DEVICE_FAMILY = "1,2";
				TEST_HOST = "$(BUILT_PRODUCTS_DIR)/Movies.app/Movies";
			};
			name = Debug;
		};
		23E73C432668C7010059932B /* Release */ = {
			isa = XCBuildConfiguration;
			baseConfigurationReference = A712064C87970B9961C684D7 /* Pods-MoviesTests.release.xcconfig */;
			buildSettings = {
				ALWAYS_EMBED_SWIFT_STANDARD_LIBRARIES = YES;
				BUNDLE_LOADER = "$(TEST_HOST)";
				CODE_SIGN_STYLE = Automatic;
				INFOPLIST_FILE = MoviesTests/Info.plist;
				IPHONEOS_DEPLOYMENT_TARGET = 14.4;
				LD_RUNPATH_SEARCH_PATHS = (
					"$(inherited)",
					"@executable_path/Frameworks",
					"@loader_path/Frameworks",
				);
				PRODUCT_BUNDLE_IDENTIFIER = com.nizarnizar.MoviesTests;
				PRODUCT_NAME = "$(TARGET_NAME)";
				SWIFT_VERSION = 5.0;
				TARGETED_DEVICE_FAMILY = "1,2";
				TEST_HOST = "$(BUILT_PRODUCTS_DIR)/Movies.app/Movies";
			};
			name = Release;
		};
		23E73C452668C7010059932B /* Debug */ = {
			isa = XCBuildConfiguration;
			baseConfigurationReference = 8616ABAC4B65AC8396D258F8 /* Pods-Movies-MoviesUITests.debug.xcconfig */;
			buildSettings = {
				CODE_SIGN_STYLE = Automatic;
				INFOPLIST_FILE = MoviesUITests/Info.plist;
				LD_RUNPATH_SEARCH_PATHS = (
					"$(inherited)",
					"@executable_path/Frameworks",
					"@loader_path/Frameworks",
				);
				PRODUCT_BUNDLE_IDENTIFIER = com.nizarnizar.MoviesUITests;
				PRODUCT_NAME = "$(TARGET_NAME)";
				SWIFT_VERSION = 5.0;
				TARGETED_DEVICE_FAMILY = "1,2";
				TEST_TARGET_NAME = Movies;
			};
			name = Debug;
		};
		23E73C462668C7010059932B /* Release */ = {
			isa = XCBuildConfiguration;
			baseConfigurationReference = 3B73FDC213F446A9AE5B10E2 /* Pods-Movies-MoviesUITests.release.xcconfig */;
			buildSettings = {
				CODE_SIGN_STYLE = Automatic;
				INFOPLIST_FILE = MoviesUITests/Info.plist;
				LD_RUNPATH_SEARCH_PATHS = (
					"$(inherited)",
					"@executable_path/Frameworks",
					"@loader_path/Frameworks",
				);
				PRODUCT_BUNDLE_IDENTIFIER = com.nizarnizar.MoviesUITests;
				PRODUCT_NAME = "$(TARGET_NAME)";
				SWIFT_VERSION = 5.0;
				TARGETED_DEVICE_FAMILY = "1,2";
				TEST_TARGET_NAME = Movies;
			};
			name = Release;
		};
/* End XCBuildConfiguration section */

/* Begin XCConfigurationList section */
		23E73C0F2668C6FF0059932B /* Build configuration list for PBXProject "Movies" */ = {
			isa = XCConfigurationList;
			buildConfigurations = (
				23E73C3C2668C7010059932B /* Debug */,
				23E73C3D2668C7010059932B /* Release */,
			);
			defaultConfigurationIsVisible = 0;
			defaultConfigurationName = Release;
		};
		23E73C3E2668C7010059932B /* Build configuration list for PBXNativeTarget "Movies" */ = {
			isa = XCConfigurationList;
			buildConfigurations = (
				23E73C3F2668C7010059932B /* Debug */,
				23E73C402668C7010059932B /* Release */,
			);
			defaultConfigurationIsVisible = 0;
			defaultConfigurationName = Release;
		};
		23E73C412668C7010059932B /* Build configuration list for PBXNativeTarget "MoviesTests" */ = {
			isa = XCConfigurationList;
			buildConfigurations = (
				23E73C422668C7010059932B /* Debug */,
				23E73C432668C7010059932B /* Release */,
			);
			defaultConfigurationIsVisible = 0;
			defaultConfigurationName = Release;
		};
		23E73C442668C7010059932B /* Build configuration list for PBXNativeTarget "MoviesUITests" */ = {
			isa = XCConfigurationList;
			buildConfigurations = (
				23E73C452668C7010059932B /* Debug */,
				23E73C462668C7010059932B /* Release */,
			);
			defaultConfigurationIsVisible = 0;
			defaultConfigurationName = Release;
		};
/* End XCConfigurationList section */
	};
	rootObject = 23E73C0C2668C6FF0059932B /* Project object */;
}
